
Microsoft Visual Studio Solution File, Format Version 12.00
# Visual Studio Version 17
VisualStudioVersion = 17.7.34018.315
MinimumVisualStudioVersion = 10.0.40219.1
Project("{FAE04EC0-301F-11D3-BF4B-00C04F79EFBC}") = "ElectionMgt", "ElectionMgt.csproj", "{84CD6025-1933-44F7-838A-BDE4C24AF354}"
EndProject
Global
	GlobalSection(SolutionConfigurationPlatforms) = preSolution
		Debug|Any CPU = Debug|Any CPU
		Release|Any CPU = Release|Any CPU
	EndGlobalSection
	GlobalSection(ProjectConfigurationPlatforms) = postSolution
		{84CD6025-1933-44F7-838A-BDE4C24AF354}.Debug|Any CPU.ActiveCfg = Debug|Any CPU
		{84CD6025-1933-44F7-838A-BDE4C24AF354}.Debug|Any CPU.Build.0 = Debug|Any CPU
		{84CD6025-1933-44F7-838A-BDE4C24AF354}.Release|Any CPU.ActiveCfg = Release|Any CPU
		{84CD6025-1933-44F7-838A-BDE4C24AF354}.Release|Any CPU.Build.0 = Release|Any CPU
	EndGlobalSection
	GlobalSection(SolutionProperties) = preSolution
		HideSolutionNode = FALSE
	EndGlobalSection
	GlobalSection(ExtensibilityGlobals) = postSolution
		SolutionGuid = {A07BE24C-0685-4AD1-8A32-6E83A17C470E}
	EndGlobalSection
EndGlobal
